// !$*UTF8*$!
{
	archiveVersion = 1;
	classes = {
	};
	objectVersion = 46;
	objects = {

/* Begin PBXFileReference section */
		342322F61908A20800310FDE /* makefile */ = {isa = PBXFileReference; fileEncoding = 4; lastKnownFileType = sourcecode.make; name = makefile; path = ssd1239/makefile; sourceTree = "<group>"; };
		347A36B41908AD6800F9408F /* main.c */ = {isa = PBXFileReference; fileEncoding = 4; lastKnownFileType = sourcecode.c.c; name = main.c; path = ssd1239/main.c; sourceTree = "<group>"; };
/* End PBXFileReference section */

/* Begin PBXGroup section */
		342322BA19089C8400310FDE = {
			isa = PBXGroup;
			children = (
				347A36B41908AD6800F9408F /* main.c */,
				342322F61908A20800310FDE /* makefile */,
			);
			sourceTree = "<group>";
		};
/* End PBXGroup section */

/* Begin PBXLegacyTarget section */
		342322F21908A18600310FDE /* build */ = {
			isa = PBXLegacyTarget;
			buildArgumentsString = "$(ACTION)";
			buildConfigurationList = 342322F31908A18600310FDE /* Build configuration list for PBXLegacyTarget "build" */;
			buildPhases = (
			);
			buildToolPath = /usr/bin/make;
			buildWorkingDirectory = /Users/matthew/code/embedded/avr/lib/ssd1239/ssd1239;
			dependencies = (
			);
			name = build;
			passBuildSettingsInEnvironment = 1;
			productName = ssd1239;
		};
		342322FB1908AAA600310FDE /* deploy */ = {
			isa = PBXLegacyTarget;
			buildArgumentsString = install;
			buildConfigurationList = 342322FC1908AAA600310FDE /* Build configuration list for PBXLegacyTarget "deploy" */;
			buildPhases = (
			);
			buildToolPath = /usr/bin/make;
			buildWorkingDirectory = /Users/matthew/code/embedded/avr/lib/ssd1239/ssd1239;
			dependencies = (
			);
			name = deploy;
			passBuildSettingsInEnvironment = 1;
			productName = deploy;
		};
/* End PBXLegacyTarget section */

/* Begin PBXProject section */
		342322BB19089C8400310FDE /* Project object */ = {
			isa = PBXProject;
			attributes = {
				LastUpgradeCheck = 0510;
			};
			buildConfigurationList = 342322BE19089C8400310FDE /* Build configuration list for PBXProject "ssd1239" */;
			compatibilityVersion = "Xcode 3.2";
			developmentRegion = English;
			hasScannedForEncodings = 0;
			knownRegions = (
				en,
			);
			mainGroup = 342322BA19089C8400310FDE;
			productRefGroup = 342322BA19089C8400310FDE;
			projectDirPath = "";
			projectRoot = "";
			targets = (
				342322F21908A18600310FDE /* build */,
				342322FB1908AAA600310FDE /* deploy */,
			);
		};
/* End PBXProject section */

/* Begin XCBuildConfiguration section */
		342322C019089C8400310FDE /* Release */ = {
			isa = XCBuildConfiguration;
			buildSettings = {
				CLOCK = 1000000;
				DEVICE = atmega8;
				FUSE_H = 0xD9;
				FUSE_L = 0xE1;
				OUTPUT = build;
				PROGRAMMER = usbtiny;
				SOURCES = main.c;
			};
			name = Release;
		};
		342322F51908A18600310FDE /* Release */ = {
			isa = XCBuildConfiguration;
			buildSettings = {
			};
			name = Release;
		};
		342322FD1908AAA600310FDE /* Release */ = {
			isa = XCBuildConfiguration;
			buildSettings = {
			};
			name = Release;
		};
/* End XCBuildConfiguration section */

/* Begin XCConfigurationList section */
		342322BE19089C8400310FDE /* Build configuration list for PBXProject "ssd1239" */ = {
			isa = XCConfigurationList;
			buildConfigurations = (
				342322C019089C8400310FDE /* Release */,
			);
			defaultConfigurationIsVisible = 0;
			defaultConfigurationName = Release;
		};
		342322F31908A18600310FDE /* Build configuration list for PBXLegacyTarget "build" */ = {
			isa = XCConfigurationList;
			buildConfigurations = (
				342322F51908A18600310FDE /* Release */,
			);
			defaultConfigurationIsVisible = 0;
			defaultConfigurationName = Release;
		};
		342322FC1908AAA600310FDE /* Build configuration list for PBXLegacyTarget "deploy" */ = {
			isa = XCConfigurationList;
			buildConfigurations = (
				342322FD1908AAA600310FDE /* Release */,
			);
			defaultConfigurationIsVisible = 0;
			defaultConfigurationName = Release;
		};
/* End XCConfigurationList section */
	};
	rootObject = 342322BB19089C8400310FDE /* Project object */;
}
